
Microsoft Visual Studio Solution File, Format Version 12.00
# Visual Studio Version 17
VisualStudioVersion = 17.12.35728.132 d17.12
MinimumVisualStudioVersion = 10.0.40219.1
Project("{8BC9CEB8-8B4A-11D0-8D11-00A0C91BC942}") = "GameJam2025-h", "GameJam2025-h\GameJam2025-h.vcxproj", "{B5B9BCD9-1DD6-431F-9701-B1185E66C86D}"
EndProject
Global
	GlobalSection(SolutionConfigurationPlatforms) = preSolution
		Debug|x64 = Debug|x64
		Debug|x86 = Debug|x86
		Release|x64 = Release|x64
		Release|x86 = Release|x86
	EndGlobalSection
	GlobalSection(ProjectConfigurationPlatforms) = postSolution
		{B5B9BCD9-1DD6-431F-9701-B1185E66C86D}.Debug|x64.ActiveCfg = Debug|x64
		{B5B9BCD9-1DD6-431F-9701-B1185E66C86D}.Debug|x64.Build.0 = Debug|x64
		{B5B9BCD9-1DD6-431F-9701-B1185E66C86D}.Debug|x86.ActiveCfg = Debug|Win32
		{B5B9BCD9-1DD6-431F-9701-B1185E66C86D}.Debug|x86.Build.0 = Debug|Win32
		{B5B9BCD9-1DD6-431F-9701-B1185E66C86D}.Release|x64.ActiveCfg = Release|x64
		{B5B9BCD9-1DD6-431F-9701-B1185E66C86D}.Release|x64.Build.0 = Release|x64
		{B5B9BCD9-1DD6-431F-9701-B1185E66C86D}.Release|x86.ActiveCfg = Release|Win32
		{B5B9BCD9-1DD6-431F-9701-B1185E66C86D}.Release|x86.Build.0 = Release|Win32
	EndGlobalSection
	GlobalSection(SolutionProperties) = preSolution
		HideSolutionNode = FALSE
	EndGlobalSection
EndGlobal
